
Microsoft Visual Studio Solution File, Format Version 12.00
# Visual Studio Version 16
VisualStudioVersion = 16.0.30104.148
MinimumVisualStudioVersion = 10.0.40219.1
Project("{FAE04EC0-301F-11D3-BF4B-00C04F79EFBC}") = "CreateTargetArrayInTheGivenOrder", "CreateTargetArrayInTheGivenOrder.csproj", "{2E0D4239-F762-4CBA-AF0B-1403A496026B}"
EndProject
Global
	GlobalSection(SolutionConfigurationPlatforms) = preSolution
		Debug|Any CPU = Debug|Any CPU
		Release|Any CPU = Release|Any CPU
	EndGlobalSection
	GlobalSection(ProjectConfigurationPlatforms) = postSolution
		{2E0D4239-F762-4CBA-AF0B-1403A496026B}.Debug|Any CPU.ActiveCfg = Debug|Any CPU
		{2E0D4239-F762-4CBA-AF0B-1403A496026B}.Debug|Any CPU.Build.0 = Debug|Any CPU
		{2E0D4239-F762-4CBA-AF0B-1403A496026B}.Release|Any CPU.ActiveCfg = Release|Any CPU
		{2E0D4239-F762-4CBA-AF0B-1403A496026B}.Release|Any CPU.Build.0 = Release|Any CPU
	EndGlobalSection
	GlobalSection(SolutionProperties) = preSolution
		HideSolutionNode = FALSE
	EndGlobalSection
	GlobalSection(ExtensibilityGlobals) = postSolution
		SolutionGuid = {6122C541-E75C-4FF3-B349-EE303154C924}
	EndGlobalSection
EndGlobal
