
Microsoft Visual Studio Solution File, Format Version 12.00
# Visual Studio Version 16
VisualStudioVersion = 16.0.30104.148
MinimumVisualStudioVersion = 10.0.40219.1
Project("{FAE04EC0-301F-11D3-BF4B-00C04F79EFBC}") = "DefangingAnIPAdress", "DefangingAnIPAdress.csproj", "{360D579A-E995-48AE-9573-0A86CFCAC6BA}"
EndProject
Global
	GlobalSection(SolutionConfigurationPlatforms) = preSolution
		Debug|Any CPU = Debug|Any CPU
		Release|Any CPU = Release|Any CPU
	EndGlobalSection
	GlobalSection(ProjectConfigurationPlatforms) = postSolution
		{360D579A-E995-48AE-9573-0A86CFCAC6BA}.Debug|Any CPU.ActiveCfg = Debug|Any CPU
		{360D579A-E995-48AE-9573-0A86CFCAC6BA}.Debug|Any CPU.Build.0 = Debug|Any CPU
		{360D579A-E995-48AE-9573-0A86CFCAC6BA}.Release|Any CPU.ActiveCfg = Release|Any CPU
		{360D579A-E995-48AE-9573-0A86CFCAC6BA}.Release|Any CPU.Build.0 = Release|Any CPU
	EndGlobalSection
	GlobalSection(SolutionProperties) = preSolution
		HideSolutionNode = FALSE
	EndGlobalSection
	GlobalSection(ExtensibilityGlobals) = postSolution
		SolutionGuid = {5C33F0F0-EBC0-4105-B778-AA354688061A}
	EndGlobalSection
EndGlobal
