
Microsoft Visual Studio Solution File, Format Version 12.00
# Visual Studio Version 16
VisualStudioVersion = 16.0.30104.148
MinimumVisualStudioVersion = 10.0.40219.1
Project("{FAE04EC0-301F-11D3-BF4B-00C04F79EFBC}") = "KidsWithTheGreatestNumberOfCandies", "KidsWithTheGreatestNumberOfCandies.csproj", "{823E7449-180A-45F5-B658-9E75F3AC65BE}"
EndProject
Global
	GlobalSection(SolutionConfigurationPlatforms) = preSolution
		Debug|Any CPU = Debug|Any CPU
		Release|Any CPU = Release|Any CPU
	EndGlobalSection
	GlobalSection(ProjectConfigurationPlatforms) = postSolution
		{823E7449-180A-45F5-B658-9E75F3AC65BE}.Debug|Any CPU.ActiveCfg = Debug|Any CPU
		{823E7449-180A-45F5-B658-9E75F3AC65BE}.Debug|Any CPU.Build.0 = Debug|Any CPU
		{823E7449-180A-45F5-B658-9E75F3AC65BE}.Release|Any CPU.ActiveCfg = Release|Any CPU
		{823E7449-180A-45F5-B658-9E75F3AC65BE}.Release|Any CPU.Build.0 = Release|Any CPU
	EndGlobalSection
	GlobalSection(SolutionProperties) = preSolution
		HideSolutionNode = FALSE
	EndGlobalSection
	GlobalSection(ExtensibilityGlobals) = postSolution
		SolutionGuid = {4425F4A7-FDF5-42AD-A588-76B85DB7C246}
	EndGlobalSection
EndGlobal
